Microsoft Visual Studio Solution File, Format Version 12.00
# Visual Studio 2012
Project("{FAE04EC0-301F-11D3-BF4B-00C04F79EFBC}") = "LD46", "LD46.csproj", "{1C662FAD-CCA0-4604-96AC-15CCC6C372FA}"
EndProject
Global
	GlobalSection(SolutionConfigurationPlatforms) = preSolution
	Debug|Any CPU = Debug|Any CPU
	Release|Any CPU = Release|Any CPU
	Tools|Any CPU = Tools|Any CPU
	EndGlobalSection
	GlobalSection(ProjectConfigurationPlatforms) = postSolution
		{1C662FAD-CCA0-4604-96AC-15CCC6C372FA}.Debug|Any CPU.ActiveCfg = Debug|Any CPU
		{1C662FAD-CCA0-4604-96AC-15CCC6C372FA}.Debug|Any CPU.Build.0 = Debug|Any CPU
		{1C662FAD-CCA0-4604-96AC-15CCC6C372FA}.Release|Any CPU.ActiveCfg = Release|Any CPU
		{1C662FAD-CCA0-4604-96AC-15CCC6C372FA}.Release|Any CPU.Build.0 = Release|Any CPU
		{1C662FAD-CCA0-4604-96AC-15CCC6C372FA}.Tools|Any CPU.ActiveCfg = Tools|Any CPU
		{1C662FAD-CCA0-4604-96AC-15CCC6C372FA}.Tools|Any CPU.Build.0 = Tools|Any CPU
	EndGlobalSection
EndGlobal
